
Microsoft Visual Studio Solution File, Format Version 12.00
# Visual Studio Version 17
VisualStudioVersion = 17.1.32421.90
MinimumVisualStudioVersion = 10.0.40219.1
Project("{FAE04EC0-301F-11D3-BF4B-00C04F79EFBC}") = "COMP_2084_Assigment_1", "COMP_2084_Assigment_1\COMP_2084_Assigment_1.csproj", "{40ABF5EA-9C2B-42EA-8810-F726CB11B023}"
EndProject
Global
	GlobalSection(SolutionConfigurationPlatforms) = preSolution
		Debug|Any CPU = Debug|Any CPU
		Release|Any CPU = Release|Any CPU
	EndGlobalSection
	GlobalSection(ProjectConfigurationPlatforms) = postSolution
		{40ABF5EA-9C2B-42EA-8810-F726CB11B023}.Debug|Any CPU.ActiveCfg = Debug|Any CPU
		{40ABF5EA-9C2B-42EA-8810-F726CB11B023}.Debug|Any CPU.Build.0 = Debug|Any CPU
		{40ABF5EA-9C2B-42EA-8810-F726CB11B023}.Release|Any CPU.ActiveCfg = Release|Any CPU
		{40ABF5EA-9C2B-42EA-8810-F726CB11B023}.Release|Any CPU.Build.0 = Release|Any CPU
	EndGlobalSection
	GlobalSection(SolutionProperties) = preSolution
		HideSolutionNode = FALSE
	EndGlobalSection
	GlobalSection(ExtensibilityGlobals) = postSolution
		SolutionGuid = {FCA11539-9A91-440B-9B7D-F4673817441A}
	EndGlobalSection
EndGlobal
